
Microsoft Visual Studio Solution File, Format Version 12.00
# Visual Studio Version 17
VisualStudioVersion = 17.0.31903.59
MinimumVisualStudioVersion = 10.0.40219.1
Project("{2150E333-8FDC-42A3-9474-1A3956D46DE8}") = "src", "src", "{827E0CD3-B72D-47B6-A68D-7590B98EB39B}"
EndProject
Project("{FAE04EC0-301F-11D3-BF4B-00C04F79EFBC}") = "Sgo.Api", "src\Sgo.Api\Sgo.Api.csproj", "{8909895B-391C-44DF-8159-30D3431C6BA8}"
EndProject
Project("{FAE04EC0-301F-11D3-BF4B-00C04F79EFBC}") = "Sgo.Application", "src\Sgo.Application\Sgo.Application.csproj", "{B1D9728C-EDF7-4D38-AC79-C4C2C6C7640E}"
EndProject
Project("{FAE04EC0-301F-11D3-BF4B-00C04F79EFBC}") = "Sgo.Domain", "src\Sgo.Domain\Sgo.Domain.csproj", "{53FCB3CD-016F-4A86-83DF-39754D90117A}"
EndProject
Project("{FAE04EC0-301F-11D3-BF4B-00C04F79EFBC}") = "Sgo.Infrastructure", "src\Sgo.Infrastructure\Sgo.Infrastructure.csproj", "{0D210D4F-EC31-4EEB-9732-B962370B1487}"
EndProject
Project("{2150E333-8FDC-42A3-9474-1A3956D46DE8}") = "tests", "tests", "{0AB3BF05-4346-4AA6-1389-037BE0695223}"
EndProject
Project("{FAE04EC0-301F-11D3-BF4B-00C04F79EFBC}") = "Sgo.IntegrationTests", "tests\Sgo.IntegrationTests\Sgo.IntegrationTests.csproj", "{B1053414-8F9D-445A-8E7C-361A2FF36289}"
EndProject
Project("{FAE04EC0-301F-11D3-BF4B-00C04F79EFBC}") = "Sgo.UnitTests", "tests\Sgo.UnitTests\Sgo.UnitTests.csproj", "{6A6705CC-86F6-4433-82A0-505526EFE3A9}"
EndProject
Global
	GlobalSection(SolutionConfigurationPlatforms) = preSolution
		Debug|Any CPU = Debug|Any CPU
		Debug|x64 = Debug|x64
		Debug|x86 = Debug|x86
		Release|Any CPU = Release|Any CPU
		Release|x64 = Release|x64
		Release|x86 = Release|x86
	EndGlobalSection
	GlobalSection(ProjectConfigurationPlatforms) = postSolution
		{8909895B-391C-44DF-8159-30D3431C6BA8}.Debug|Any CPU.ActiveCfg = Debug|Any CPU
		{8909895B-391C-44DF-8159-30D3431C6BA8}.Debug|Any CPU.Build.0 = Debug|Any CPU
		{8909895B-391C-44DF-8159-30D3431C6BA8}.Debug|x64.ActiveCfg = Debug|Any CPU
		{8909895B-391C-44DF-8159-30D3431C6BA8}.Debug|x64.Build.0 = Debug|Any CPU
		{8909895B-391C-44DF-8159-30D3431C6BA8}.Debug|x86.ActiveCfg = Debug|Any CPU
		{8909895B-391C-44DF-8159-30D3431C6BA8}.Debug|x86.Build.0 = Debug|Any CPU
		{8909895B-391C-44DF-8159-30D3431C6BA8}.Release|Any CPU.ActiveCfg = Release|Any CPU
		{8909895B-391C-44DF-8159-30D3431C6BA8}.Release|Any CPU.Build.0 = Release|Any CPU
		{8909895B-391C-44DF-8159-30D3431C6BA8}.Release|x64.ActiveCfg = Release|Any CPU
		{8909895B-391C-44DF-8159-30D3431C6BA8}.Release|x64.Build.0 = Release|Any CPU
		{8909895B-391C-44DF-8159-30D3431C6BA8}.Release|x86.ActiveCfg = Release|Any CPU
		{8909895B-391C-44DF-8159-30D3431C6BA8}.Release|x86.Build.0 = Release|Any CPU
		{B1D9728C-EDF7-4D38-AC79-C4C2C6C7640E}.Debug|Any CPU.ActiveCfg = Debug|Any CPU
		{B1D9728C-EDF7-4D38-AC79-C4C2C6C7640E}.Debug|Any CPU.Build.0 = Debug|Any CPU
		{B1D9728C-EDF7-4D38-AC79-C4C2C6C7640E}.Debug|x64.ActiveCfg = Debug|Any CPU
		{B1D9728C-EDF7-4D38-AC79-C4C2C6C7640E}.Debug|x64.Build.0 = Debug|Any CPU
		{B1D9728C-EDF7-4D38-AC79-C4C2C6C7640E}.Debug|x86.ActiveCfg = Debug|Any CPU
		{B1D9728C-EDF7-4D38-AC79-C4C2C6C7640E}.Debug|x86.Build.0 = Debug|Any CPU
		{B1D9728C-EDF7-4D38-AC79-C4C2C6C7640E}.Release|Any CPU.ActiveCfg = Release|Any CPU
		{B1D9728C-EDF7-4D38-AC79-C4C2C6C7640E}.Release|Any CPU.Build.0 = Release|Any CPU
		{B1D9728C-EDF7-4D38-AC79-C4C2C6C7640E}.Release|x64.ActiveCfg = Release|Any CPU
		{B1D9728C-EDF7-4D38-AC79-C4C2C6C7640E}.Release|x64.Build.0 = Release|Any CPU
		{B1D9728C-EDF7-4D38-AC79-C4C2C6C7640E}.Release|x86.ActiveCfg = Release|Any CPU
		{B1D9728C-EDF7-4D38-AC79-C4C2C6C7640E}.Release|x86.Build.0 = Release|Any CPU
		{53FCB3CD-016F-4A86-83DF-39754D90117A}.Debug|Any CPU.ActiveCfg = Debug|Any CPU
		{53FCB3CD-016F-4A86-83DF-39754D90117A}.Debug|Any CPU.Build.0 = Debug|Any CPU
		{53FCB3CD-016F-4A86-83DF-39754D90117A}.Debug|x64.ActiveCfg = Debug|Any CPU
		{53FCB3CD-016F-4A86-83DF-39754D90117A}.Debug|x64.Build.0 = Debug|Any CPU
		{53FCB3CD-016F-4A86-83DF-39754D90117A}.Debug|x86.ActiveCfg = Debug|Any CPU
		{53FCB3CD-016F-4A86-83DF-39754D90117A}.Debug|x86.Build.0 = Debug|Any CPU
		{53FCB3CD-016F-4A86-83DF-39754D90117A}.Release|Any CPU.ActiveCfg = Release|Any CPU
		{53FCB3CD-016F-4A86-83DF-39754D90117A}.Release|Any CPU.Build.0 = Release|Any CPU
		{53FCB3CD-016F-4A86-83DF-39754D90117A}.Release|x64.ActiveCfg = Release|Any CPU
		{53FCB3CD-016F-4A86-83DF-39754D90117A}.Release|x64.Build.0 = Release|Any CPU
		{53FCB3CD-016F-4A86-83DF-39754D90117A}.Release|x86.ActiveCfg = Release|Any CPU
		{53FCB3CD-016F-4A86-83DF-39754D90117A}.Release|x86.Build.0 = Release|Any CPU
		{0D210D4F-EC31-4EEB-9732-B962370B1487}.Debug|Any CPU.ActiveCfg = Debug|Any CPU
		{0D210D4F-EC31-4EEB-9732-B962370B1487}.Debug|Any CPU.Build.0 = Debug|Any CPU
		{0D210D4F-EC31-4EEB-9732-B962370B1487}.Debug|x64.ActiveCfg = Debug|Any CPU
		{0D210D4F-EC31-4EEB-9732-B962370B1487}.Debug|x64.Build.0 = Debug|Any CPU
		{0D210D4F-EC31-4EEB-9732-B962370B1487}.Debug|x86.ActiveCfg = Debug|Any CPU
		{0D210D4F-EC31-4EEB-9732-B962370B1487}.Debug|x86.Build.0 = Debug|Any CPU
		{0D210D4F-EC31-4EEB-9732-B962370B1487}.Release|Any CPU.ActiveCfg = Release|Any CPU
		{0D210D4F-EC31-4EEB-9732-B962370B1487}.Release|Any CPU.Build.0 = Release|Any CPU
		{0D210D4F-EC31-4EEB-9732-B962370B1487}.Release|x64.ActiveCfg = Release|Any CPU
		{0D210D4F-EC31-4EEB-9732-B962370B1487}.Release|x64.Build.0 = Release|Any CPU
		{0D210D4F-EC31-4EEB-9732-B962370B1487}.Release|x86.ActiveCfg = Release|Any CPU
		{0D210D4F-EC31-4EEB-9732-B962370B1487}.Release|x86.Build.0 = Release|Any CPU
		{B1053414-8F9D-445A-8E7C-361A2FF36289}.Debug|Any CPU.ActiveCfg = Debug|Any CPU
		{B1053414-8F9D-445A-8E7C-361A2FF36289}.Debug|Any CPU.Build.0 = Debug|Any CPU
		{B1053414-8F9D-445A-8E7C-361A2FF36289}.Debug|x64.ActiveCfg = Debug|Any CPU
		{B1053414-8F9D-445A-8E7C-361A2FF36289}.Debug|x64.Build.0 = Debug|Any CPU
		{B1053414-8F9D-445A-8E7C-361A2FF36289}.Debug|x86.ActiveCfg = Debug|Any CPU
		{B1053414-8F9D-445A-8E7C-361A2FF36289}.Debug|x86.Build.0 = Debug|Any CPU
		{B1053414-8F9D-445A-8E7C-361A2FF36289}.Release|Any CPU.ActiveCfg = Release|Any CPU
		{B1053414-8F9D-445A-8E7C-361A2FF36289}.Release|Any CPU.Build.0 = Release|Any CPU
		{B1053414-8F9D-445A-8E7C-361A2FF36289}.Release|x64.ActiveCfg = Release|Any CPU
		{B1053414-8F9D-445A-8E7C-361A2FF36289}.Release|x64.Build.0 = Release|Any CPU
		{B1053414-8F9D-445A-8E7C-361A2FF36289}.Release|x86.ActiveCfg = Release|Any CPU
		{B1053414-8F9D-445A-8E7C-361A2FF36289}.Release|x86.Build.0 = Release|Any CPU
		{6A6705CC-86F6-4433-82A0-505526EFE3A9}.Debug|Any CPU.ActiveCfg = Debug|Any CPU
		{6A6705CC-86F6-4433-82A0-505526EFE3A9}.Debug|Any CPU.Build.0 = Debug|Any CPU
		{6A6705CC-86F6-4433-82A0-505526EFE3A9}.Debug|x64.ActiveCfg = Debug|Any CPU
		{6A6705CC-86F6-4433-82A0-505526EFE3A9}.Debug|x64.Build.0 = Debug|Any CPU
		{6A6705CC-86F6-4433-82A0-505526EFE3A9}.Debug|x86.ActiveCfg = Debug|Any CPU
		{6A6705CC-86F6-4433-82A0-505526EFE3A9}.Debug|x86.Build.0 = Debug|Any CPU
		{6A6705CC-86F6-4433-82A0-505526EFE3A9}.Release|Any CPU.ActiveCfg = Release|Any CPU
		{6A6705CC-86F6-4433-82A0-505526EFE3A9}.Release|Any CPU.Build.0 = Release|Any CPU
		{6A6705CC-86F6-4433-82A0-505526EFE3A9}.Release|x64.ActiveCfg = Release|Any CPU
		{6A6705CC-86F6-4433-82A0-505526EFE3A9}.Release|x64.Build.0 = Release|Any CPU
		{6A6705CC-86F6-4433-82A0-505526EFE3A9}.Release|x86.ActiveCfg = Release|Any CPU
		{6A6705CC-86F6-4433-82A0-505526EFE3A9}.Release|x86.Build.0 = Release|Any CPU
	EndGlobalSection
	GlobalSection(SolutionProperties) = preSolution
		HideSolutionNode = FALSE
	EndGlobalSection
	GlobalSection(NestedProjects) = preSolution
		{8909895B-391C-44DF-8159-30D3431C6BA8} = {827E0CD3-B72D-47B6-A68D-7590B98EB39B}
		{B1D9728C-EDF7-4D38-AC79-C4C2C6C7640E} = {827E0CD3-B72D-47B6-A68D-7590B98EB39B}
		{53FCB3CD-016F-4A86-83DF-39754D90117A} = {827E0CD3-B72D-47B6-A68D-7590B98EB39B}
		{0D210D4F-EC31-4EEB-9732-B962370B1487} = {827E0CD3-B72D-47B6-A68D-7590B98EB39B}
		{B1053414-8F9D-445A-8E7C-361A2FF36289} = {0AB3BF05-4346-4AA6-1389-037BE0695223}
		{6A6705CC-86F6-4433-82A0-505526EFE3A9} = {0AB3BF05-4346-4AA6-1389-037BE0695223}
	EndGlobalSection
EndGlobal
